
Microsoft Visual Studio Solution File, Format Version 12.00
# Visual Studio Version 17
VisualStudioVersion = 17.7.34018.315
MinimumVisualStudioVersion = 10.0.40219.1
Project("{FAE04EC0-301F-11D3-BF4B-00C04F79EFBC}") = "BMICalculator", "BMICalculator\BMICalculator.csproj", "{AED3AFC6-5D5F-46E6-A045-835328F6A5F2}"
EndProject
Global
	GlobalSection(SolutionConfigurationPlatforms) = preSolution
		Debug|Any CPU = Debug|Any CPU
		Release|Any CPU = Release|Any CPU
	EndGlobalSection
	GlobalSection(ProjectConfigurationPlatforms) = postSolution
		{AED3AFC6-5D5F-46E6-A045-835328F6A5F2}.Debug|Any CPU.ActiveCfg = Debug|Any CPU
		{AED3AFC6-5D5F-46E6-A045-835328F6A5F2}.Debug|Any CPU.Build.0 = Debug|Any CPU
		{AED3AFC6-5D5F-46E6-A045-835328F6A5F2}.Debug|Any CPU.Deploy.0 = Debug|Any CPU
		{AED3AFC6-5D5F-46E6-A045-835328F6A5F2}.Release|Any CPU.ActiveCfg = Release|Any CPU
		{AED3AFC6-5D5F-46E6-A045-835328F6A5F2}.Release|Any CPU.Build.0 = Release|Any CPU
		{AED3AFC6-5D5F-46E6-A045-835328F6A5F2}.Release|Any CPU.Deploy.0 = Release|Any CPU
	EndGlobalSection
	GlobalSection(SolutionProperties) = preSolution
		HideSolutionNode = FALSE
	EndGlobalSection
	GlobalSection(ExtensibilityGlobals) = postSolution
		SolutionGuid = {10F5DCC6-51C1-4E25-BE2F-41FE8ACDA1AE}
	EndGlobalSection
EndGlobal
